
Microsoft Visual Studio Solution File, Format Version 12.00
# Visual Studio Version 16
VisualStudioVersion = 16.0.29728.190
MinimumVisualStudioVersion = 10.0.40219.1
Project("{8BC9CEB8-8B4A-11D0-8D11-00A0C91BC942}") = "ReduceMyMap", "ReduceMyMap.vcxproj", "{FFD2D206-2FFE-472B-AFF6-1C602FB94E88}"
EndProject
Global
	GlobalSection(SolutionConfigurationPlatforms) = preSolution
		Debug|x64 = Debug|x64
		Release|x64 = Release|x64
	EndGlobalSection
	GlobalSection(ProjectConfigurationPlatforms) = postSolution
		{FFD2D206-2FFE-472B-AFF6-1C602FB94E88}.Debug|x64.ActiveCfg = Debug|x64
		{FFD2D206-2FFE-472B-AFF6-1C602FB94E88}.Debug|x64.Build.0 = Debug|x64
		{FFD2D206-2FFE-472B-AFF6-1C602FB94E88}.Release|x64.ActiveCfg = Release|x64
		{FFD2D206-2FFE-472B-AFF6-1C602FB94E88}.Release|x64.Build.0 = Release|x64
	EndGlobalSection
	GlobalSection(SolutionProperties) = preSolution
		HideSolutionNode = FALSE
	EndGlobalSection
	GlobalSection(ExtensibilityGlobals) = postSolution
		SolutionGuid = {35B5FE78-65E5-433D-BC01-81B08E64A968}
	EndGlobalSection
EndGlobal
